
Microsoft Visual Studio Solution File, Format Version 12.00
# Visual Studio Version 17
VisualStudioVersion = 17.5.33424.131
MinimumVisualStudioVersion = 10.0.40219.1
Project("{8BC9CEB8-8B4A-11D0-8D11-00A0C91BC942}") = "Trace V.9", "Trace V.9\Trace V.9.vcxproj", "{07E9D7D2-73BC-4A4D-A8B8-DA4775FBBD09}"
EndProject
Global
	GlobalSection(SolutionConfigurationPlatforms) = preSolution
		Debug|x64 = Debug|x64
		Release|x64 = Release|x64
	EndGlobalSection
	GlobalSection(ProjectConfigurationPlatforms) = postSolution
		{07E9D7D2-73BC-4A4D-A8B8-DA4775FBBD09}.Debug|x64.ActiveCfg = Debug|x64
		{07E9D7D2-73BC-4A4D-A8B8-DA4775FBBD09}.Debug|x64.Build.0 = Debug|x64
		{07E9D7D2-73BC-4A4D-A8B8-DA4775FBBD09}.Release|x64.ActiveCfg = Release|x64
		{07E9D7D2-73BC-4A4D-A8B8-DA4775FBBD09}.Release|x64.Build.0 = Release|x64
	EndGlobalSection
	GlobalSection(SolutionProperties) = preSolution
		HideSolutionNode = FALSE
	EndGlobalSection
	GlobalSection(ExtensibilityGlobals) = postSolution
		SolutionGuid = {645B1629-5708-4F91-9E51-75FCF6A0541E}
	EndGlobalSection
EndGlobal
